
Microsoft Visual Studio Solution File, Format Version 12.00
# Visual Studio Version 16
VisualStudioVersion = 16.0.30503.244
MinimumVisualStudioVersion = 10.0.40219.1
Project("{FAE04EC0-301F-11D3-BF4B-00C04F79EFBC}") = "FastReport.Net Designer Launcher", "FastReport.Net Designer Launcher\FastReport.Net Designer Launcher.csproj", "{D6FCB5C2-CA8A-4358-89A1-FCB40B694C81}"
EndProject
Global
	GlobalSection(SolutionConfigurationPlatforms) = preSolution
		Debug|Any CPU = Debug|Any CPU
		Release|Any CPU = Release|Any CPU
	EndGlobalSection
	GlobalSection(ProjectConfigurationPlatforms) = postSolution
		{D6FCB5C2-CA8A-4358-89A1-FCB40B694C81}.Debug|Any CPU.ActiveCfg = Debug|Any CPU
		{D6FCB5C2-CA8A-4358-89A1-FCB40B694C81}.Debug|Any CPU.Build.0 = Debug|Any CPU
		{D6FCB5C2-CA8A-4358-89A1-FCB40B694C81}.Release|Any CPU.ActiveCfg = Release|Any CPU
		{D6FCB5C2-CA8A-4358-89A1-FCB40B694C81}.Release|Any CPU.Build.0 = Release|Any CPU
	EndGlobalSection
	GlobalSection(SolutionProperties) = preSolution
		HideSolutionNode = FALSE
	EndGlobalSection
	GlobalSection(ExtensibilityGlobals) = postSolution
		SolutionGuid = {6849C7B2-EC39-4771-AA72-BC0C96A158B0}
	EndGlobalSection
EndGlobal
